
Microsoft Visual Studio Solution File, Format Version 12.00
# Visual Studio 15
VisualStudioVersion = 15.0.27703.2000
MinimumVisualStudioVersion = 10.0.40219.1
Project("{FAE04EC0-301F-11D3-BF4B-00C04F79EFBC}") = "ProyectoMovil", "ProyectoMovil\ProyectoMovil.csproj", "{60DC39E3-B758-4B70-B650-FD85EFB3E6C2}"
EndProject
Project("{FAE04EC0-301F-11D3-BF4B-00C04F79EFBC}") = "ProyectoMovil_WS", "ProyectoMovil_WS\ProyectoMovil_WS.csproj", "{8FA3583F-7980-488F-98A1-6919F0C8188A}"
EndProject
Project("{FAE04EC0-301F-11D3-BF4B-00C04F79EFBC}") = "ServicioWeb_BD", "ServicioWeb_BD\ServicioWeb_BD.csproj", "{77FB3621-CDDE-4333-A4ED-3C9678AE912C}"
EndProject
Project("{FAE04EC0-301F-11D3-BF4B-00C04F79EFBC}") = "Prueba_somee", "Prueba_somee\Prueba_somee.csproj", "{603F573F-7F15-42A2-9A4B-C364DE6FD47B}"
EndProject
Global
	GlobalSection(SolutionConfigurationPlatforms) = preSolution
		Debug|Any CPU = Debug|Any CPU
		Release|Any CPU = Release|Any CPU
	EndGlobalSection
	GlobalSection(ProjectConfigurationPlatforms) = postSolution
		{60DC39E3-B758-4B70-B650-FD85EFB3E6C2}.Debug|Any CPU.ActiveCfg = Debug|Any CPU
		{60DC39E3-B758-4B70-B650-FD85EFB3E6C2}.Debug|Any CPU.Build.0 = Debug|Any CPU
		{60DC39E3-B758-4B70-B650-FD85EFB3E6C2}.Release|Any CPU.ActiveCfg = Release|Any CPU
		{60DC39E3-B758-4B70-B650-FD85EFB3E6C2}.Release|Any CPU.Build.0 = Release|Any CPU
		{8FA3583F-7980-488F-98A1-6919F0C8188A}.Debug|Any CPU.ActiveCfg = Debug|Any CPU
		{8FA3583F-7980-488F-98A1-6919F0C8188A}.Debug|Any CPU.Build.0 = Debug|Any CPU
		{8FA3583F-7980-488F-98A1-6919F0C8188A}.Release|Any CPU.ActiveCfg = Release|Any CPU
		{8FA3583F-7980-488F-98A1-6919F0C8188A}.Release|Any CPU.Build.0 = Release|Any CPU
		{77FB3621-CDDE-4333-A4ED-3C9678AE912C}.Debug|Any CPU.ActiveCfg = Debug|Any CPU
		{77FB3621-CDDE-4333-A4ED-3C9678AE912C}.Debug|Any CPU.Build.0 = Debug|Any CPU
		{77FB3621-CDDE-4333-A4ED-3C9678AE912C}.Release|Any CPU.ActiveCfg = Release|Any CPU
		{77FB3621-CDDE-4333-A4ED-3C9678AE912C}.Release|Any CPU.Build.0 = Release|Any CPU
		{603F573F-7F15-42A2-9A4B-C364DE6FD47B}.Debug|Any CPU.ActiveCfg = Debug|Any CPU
		{603F573F-7F15-42A2-9A4B-C364DE6FD47B}.Debug|Any CPU.Build.0 = Debug|Any CPU
		{603F573F-7F15-42A2-9A4B-C364DE6FD47B}.Release|Any CPU.ActiveCfg = Release|Any CPU
		{603F573F-7F15-42A2-9A4B-C364DE6FD47B}.Release|Any CPU.Build.0 = Release|Any CPU
	EndGlobalSection
	GlobalSection(SolutionProperties) = preSolution
		HideSolutionNode = FALSE
	EndGlobalSection
	GlobalSection(ExtensibilityGlobals) = postSolution
		SolutionGuid = {8058D0B6-17B7-4018-99A7-A96BB7BFFCDA}
	EndGlobalSection
EndGlobal
